<Solution>
  <Project Path="FitLife.Domain/FitLife.Domain.csproj" />
  <Project Path="FitLife.Application/FitLife.Application.csproj" />
  <Project Path="FitLife.Infrastructure/FitLife.Infrastructure.csproj" />
  <Project Path="FitLife.API/FitLife.API.csproj" />
  <Project Path="FitLife.BlazorWebApp/FitLife.BlazorWebApp.csproj" />
  <Project Path="FitLife.Maui/FitLife.Maui.csproj" />
  <Project Path="FitLife.Tests/FitLife.Tests.csproj" />
  <Project Path="FitLife.UITests/FitLife.UITests.csproj" />
</Solution>
